{
  "name": "PyDataShred",
  "lockfileVersion": 3,
  "requires": true,
  "packages": {
    "": {
      "dependencies": {
        "svelte-kit": "^1.2.0"
      }
    },
    "node_modules/svelte-kit": {
      "version": "1.2.0",
      "resolved": "https://registry.npmjs.org/svelte-kit/-/svelte-kit-1.2.0.tgz",
      "integrity": "sha512-RRaOHBhpDv4g2v9tcq8iNw055Pt0MlLps6JVA7/40f4KAbtztXSI4T6MZYbHRirO708urfAAMx6Qow+tQfCHug==",
      "hasInstallScript": true
    }
  }
}
